
Microsoft Visual Studio Solution File, Format Version 12.00
# Visual Studio Version 16
VisualStudioVersion = 16.0.29920.165
MinimumVisualStudioVersion = 10.0.40219.1
Project("{FAE04EC0-301F-11D3-BF4B-00C04F79EFBC}") = "DETHI20", "DETHI20.csproj", "{643EF4D7-56ED-4C04-B681-3CA9936A2222}"
EndProject
Global
	GlobalSection(SolutionConfigurationPlatforms) = preSolution
		Debug|Any CPU = Debug|Any CPU
		Release|Any CPU = Release|Any CPU
	EndGlobalSection
	GlobalSection(ProjectConfigurationPlatforms) = postSolution
		{643EF4D7-56ED-4C04-B681-3CA9936A2222}.Debug|Any CPU.ActiveCfg = Debug|Any CPU
		{643EF4D7-56ED-4C04-B681-3CA9936A2222}.Debug|Any CPU.Build.0 = Debug|Any CPU
		{643EF4D7-56ED-4C04-B681-3CA9936A2222}.Release|Any CPU.ActiveCfg = Release|Any CPU
		{643EF4D7-56ED-4C04-B681-3CA9936A2222}.Release|Any CPU.Build.0 = Release|Any CPU
	EndGlobalSection
	GlobalSection(SolutionProperties) = preSolution
		HideSolutionNode = FALSE
	EndGlobalSection
	GlobalSection(ExtensibilityGlobals) = postSolution
		SolutionGuid = {36D71872-D2DD-4BE2-9BE9-6C9BA4324323}
	EndGlobalSection
EndGlobal
